
Microsoft Visual Studio Solution File, Format Version 12.00
# Visual Studio Version 17
VisualStudioVersion = 17.0.31903.59
MinimumVisualStudioVersion = 10.0.40219.1
Project("{F2A71F9B-5D33-465A-A702-920D77279786}") = "Wff", "Wff.Desktop\Wff.fsproj", "{2F14E8FF-7A8A-46C4-8039-F6117D6B6ACE}"
EndProject
Global
	GlobalSection(SolutionConfigurationPlatforms) = preSolution
		Debug|Any CPU = Debug|Any CPU
		Release|Any CPU = Release|Any CPU
	EndGlobalSection
	GlobalSection(SolutionProperties) = preSolution
		HideSolutionNode = FALSE
	EndGlobalSection
	GlobalSection(ProjectConfigurationPlatforms) = postSolution
		{2F14E8FF-7A8A-46C4-8039-F6117D6B6ACE}.Debug|Any CPU.ActiveCfg = Debug|Any CPU
		{2F14E8FF-7A8A-46C4-8039-F6117D6B6ACE}.Debug|Any CPU.Build.0 = Debug|Any CPU
		{2F14E8FF-7A8A-46C4-8039-F6117D6B6ACE}.Release|Any CPU.ActiveCfg = Release|Any CPU
		{2F14E8FF-7A8A-46C4-8039-F6117D6B6ACE}.Release|Any CPU.Build.0 = Release|Any CPU
	EndGlobalSection
EndGlobal
